# This file is automatically @generated by Cargo.
# It is not intended for manual editing.
version = 4

[[package]]
name = "cfg-if"
version = "1.0.1"
source = "registry+https://github.com/rust-lang/crates.io-index"
checksum = "9555578bc9e57714c812a1f84e4fc5b4d21fcb063490c624de019f7464c91268"

[[package]]
name = "cvt"
version = "0.1.2"
source = "registry+https://github.com/rust-lang/crates.io-index"
checksum = "d2ae9bf77fbf2d39ef573205d554d87e86c12f1994e9ea335b0651b9b278bcf1"
dependencies = [
 "cfg-if",
]

[[package]]
name = "fork-rs"
version = "0.0.0-development"
dependencies = [
 "cvt",
 "libc",
]

[[package]]
name = "libc"
version = "0.2.175"
source = "registry+https://github.com/rust-lang/crates.io-index"
checksum = "6a82ae493e598baaea5209805c49bbf2ea7de956d50d7da0da1164f9c6d28543"
